
Microsoft Visual Studio Solution File, Format Version 12.00
Project("{FAE04EC0-301F-11D3-BF4B-00C04F79EFBC}") = "WGU_C969-Software-II-CS", "WGU_C969-Software-II-CS\WGU_C969-Software-II-CS.csproj", "{4663FF2C-D7E9-43EC-8186-2ECDCDF43C2A}"
EndProject
Global
	GlobalSection(SolutionConfigurationPlatforms) = preSolution
		Debug|Any CPU = Debug|Any CPU
		Release|Any CPU = Release|Any CPU
	EndGlobalSection
	GlobalSection(ProjectConfigurationPlatforms) = postSolution
		{4663FF2C-D7E9-43EC-8186-2ECDCDF43C2A}.Debug|Any CPU.ActiveCfg = Debug|Any CPU
		{4663FF2C-D7E9-43EC-8186-2ECDCDF43C2A}.Debug|Any CPU.Build.0 = Debug|Any CPU
		{4663FF2C-D7E9-43EC-8186-2ECDCDF43C2A}.Release|Any CPU.ActiveCfg = Release|Any CPU
		{4663FF2C-D7E9-43EC-8186-2ECDCDF43C2A}.Release|Any CPU.Build.0 = Release|Any CPU
	EndGlobalSection
EndGlobal
